GEM
  remote: http://rubygems.org/
  specs:
    addressable (2.2.2)
    bcrypt-ruby (2.1.2)
    configatron (2.6.4)
      yamler (>= 0.1.0)
    data_objects (0.10.2)
      addressable (~> 2.1)
    dm-aggregates (0.10.2)
      dm-core (~> 0.10.2)
    dm-ar-finders (0.10.2)
      dm-core (~> 0.10.2)
    dm-core (0.10.2)
      addressable (~> 2.1)
      extlib (~> 0.9.14)
    dm-migrations (0.10.2)
      dm-core (~> 0.10.2)
    dm-timestamps (0.10.2)
      dm-core (~> 0.10.2)
    dm-types (0.10.2)
      bcrypt-ruby (~> 2.1.2)
      dm-core (~> 0.10.2)
      fastercsv (~> 1.5.0)
      json_pure (~> 1.2.0)
      stringex (~> 1.1.0)
      uuidtools (~> 2.1.1)
    do_mysql (0.10.2)
      data_objects (= 0.10.2)
    extlib (0.9.15)
    fastercsv (1.5.3)
    haml (3.0.24)
    json (1.4.6)
    json_pure (1.2.4)
    mime-types (1.16)
    oauth (0.4.4)
    rack (1.2.1)
    sinatra (1.1.0)
      rack (~> 1.1)
      tilt (~> 1.1)
    stringex (1.1.0)
    tilt (1.1)
    twitter_oauth (0.4.3)
      json (>= 1.1.9)
      mime-types (>= 1.16)
      oauth (>= 0.4.1)
    uuidtools (2.1.1)
    yamler (0.1.0)

PLATFORMS
  ruby

DEPENDENCIES
  configatron (= 2.6.4)
  data_objects (= 0.10.2)
  dm-aggregates (= 0.10.2)
  dm-ar-finders (= 0.10.2)
  dm-core (= 0.10.2)
  dm-migrations (= 0.10.2)
  dm-timestamps (= 0.10.2)
  dm-types (= 0.10.2)
  do_mysql (= 0.10.2)
  haml (= 3.0.24)
  sinatra (= 1.1.0)
  twitter_oauth (= 0.4.3)
